{
  "version": 4,
  "terraform_version": "1.11.4",
  "serial": 12,
  "lineage": "ed17d4cb-5b7d-d116-79d2-776d0d7ff20e",
  "outputs": {
    "aws_ami_id": {
      "value": "ami-0822a7a2356687b0f",
      "type": "string"
    },
    "default_ec2_keypair_if_keyname_undefined": {
      "value": "keyAPSE2ed25519",
      "type": "string"
    },
    "ec2_instance_type": {
      "value": "t2.micro",
      "type": "string"
    },
    "ec2_keyname": {
      "value": "a_abeginner_ed25519",
      "type": "string"
    },
    "ec2_private_ip": {
      "value": "10.100.11.170",
      "type": "string"
    },
    "ec2_public_ip": {
      "value": "3.107.27.195",
      "type": "string"
    },
    "security_group": {
      "value": "t_abeginner-sydney-port-443",
      "type": "string"
    },
    "user_data": {
      "value": "#!/bin/bash\n#yum update -y\nhostname\n",
      "type": "string"
    },
    "vpc_id": {
      "value": "vpc-049ac8e41e558a46e",
      "type": "string"
    },
    "vpc_name": {
      "value": "t_abeginner",
      "type": "string"
    }
  },
  "resources": [
    {
      "mode": "data",
      "type": "aws_ami",
      "name": "ami",
      "provider": "provider[\"registry.terraform.io/hashicorp/aws\"]",
      "instances": [
        {
          "schema_version": 0,
          "attributes": {
            "architecture": "x86_64",
            "arn": "arn:aws:ec2:ap-southeast-2::image/ami-0822a7a2356687b0f",
            "block_device_mappings": [
              {
                "device_name": "/dev/xvda",
                "ebs": {
                  "delete_on_termination": "true",
                  "encrypted": "false",
                  "iops": "3000",
                  "snapshot_id": "snap-07e68f7483fa60df0",
                  "throughput": "125",
                  "volume_size": "8",
                  "volume_type": "gp3"
                },
                "no_device": "",
                "virtual_name": ""
              }
            ],
            "boot_mode": "uefi-preferred",
            "creation_date": "2025-04-30T19:33:14.000Z",
            "deprecation_time": "2025-07-29T19:33:00.000Z",
            "description": "Amazon Linux 2023 AMI 2023.7.20250428.1 x86_64 HVM kernel-6.1",
            "ena_support": true,
            "executable_users": null,
            "filter": [
              {
                "name": "architecture",
                "values": [
                  "x86_64"
                ]
              },
              {
                "name": "name",
                "values": [
                  "al2023-ami-2023*"
                ]
              },
              {
                "name": "root-device-type",
                "values": [
                  "ebs"
                ]
              },
              {
                "name": "virtualization-type",
                "values": [
                  "hvm"
                ]
              }
            ],
            "hypervisor": "xen",
            "id": "ami-0822a7a2356687b0f",
            "image_id": "ami-0822a7a2356687b0f",
            "image_location": "amazon/al2023-ami-2023.7.20250428.1-kernel-6.1-x86_64",
            "image_owner_alias": "amazon",
            "image_type": "machine",
            "imds_support": "v2.0",
            "include_deprecated": false,
            "kernel_id": "",
            "last_launched_time": "",
            "most_recent": true,
            "name": "al2023-ami-2023.7.20250428.1-kernel-6.1-x86_64",
            "name_regex": null,
            "owner_id": "137112412989",
            "owners": null,
            "platform": "",
            "platform_details": "Linux/UNIX",
            "product_codes": [],
            "public": true,
            "ramdisk_id": "",
            "root_device_name": "/dev/xvda",
            "root_device_type": "ebs",
            "root_snapshot_id": "snap-07e68f7483fa60df0",
            "sriov_net_support": "simple",
            "state": "available",
            "state_reason": {
              "code": "UNSET",
              "message": "UNSET"
            },
            "tags": {},
            "timeouts": null,
            "tpm_support": "",
            "uefi_data": null,
            "usage_operation": "RunInstances",
            "virtualization_type": "hvm"
          },
          "sensitive_attributes": []
        }
      ]
    },
    {
      "mode": "data",
      "type": "aws_security_group",
      "name": "sg",
      "provider": "provider[\"registry.terraform.io/hashicorp/aws\"]",
      "instances": [
        {
          "schema_version": 0,
          "attributes": {
            "arn": "arn:aws:ec2:ap-southeast-2:471112672291:security-group/sg-0a498f6b9b1316c1a",
            "description": "port - 443",
            "filter": [
              {
                "name": "group-name",
                "values": [
                  "t_abeginner-sydney-port-443"
                ]
              }
            ],
            "id": "sg-0a498f6b9b1316c1a",
            "name": "t_abeginner-sydney-port-443",
            "tags": {
              "Name": "t_abeginner-sydney-port-443",
              "created_by": "adevopsbeginner",
              "deployment": "terraform",
              "link": "https://www.youtube.com/@adevopsbeginner",
              "terraform": "terraform/securitygroup/port",
              "this_name": "port"
            },
            "timeouts": null,
            "vpc_id": "vpc-049ac8e41e558a46e"
          },
          "sensitive_attributes": []
        }
      ]
    },
    {
      "mode": "data",
      "type": "aws_subnets",
      "name": "subnets",
      "provider": "provider[\"registry.terraform.io/hashicorp/aws\"]",
      "instances": [
        {
          "schema_version": 0,
          "attributes": {
            "filter": [
              {
                "name": "vpc-id",
                "values": [
                  "vpc-049ac8e41e558a46e"
                ]
              }
            ],
            "id": "ap-southeast-2",
            "ids": [
              "subnet-0c9863298bd63c191",
              "subnet-03a7997c69f360d6b"
            ],
            "tags": {
              "Name": "*ublic*"
            },
            "timeouts": null
          },
          "sensitive_attributes": []
        }
      ]
    },
    {
      "mode": "data",
      "type": "aws_vpc",
      "name": "vpc",
      "provider": "provider[\"registry.terraform.io/hashicorp/aws\"]",
      "instances": [
        {
          "schema_version": 0,
          "attributes": {
            "arn": "arn:aws:ec2:ap-southeast-2:471112672291:vpc/vpc-049ac8e41e558a46e",
            "cidr_block": "10.100.0.0/16",
            "cidr_block_associations": [
              {
                "association_id": "vpc-cidr-assoc-000a3c6df150a1a08",
                "cidr_block": "10.100.0.0/16",
                "state": "associated"
              }
            ],
            "default": false,
            "dhcp_options_id": "dopt-0807cf1ac279cf33d",
            "enable_dns_hostnames": true,
            "enable_dns_support": true,
            "enable_network_address_usage_metrics": false,
            "filter": [
              {
                "name": "tag:Name",
                "values": [
                  "t_abeginner"
                ]
              }
            ],
            "id": "vpc-049ac8e41e558a46e",
            "instance_tenancy": "default",
            "ipv6_association_id": "",
            "ipv6_cidr_block": "",
            "main_route_table_id": "rtb-0d1e444abf8b773be",
            "owner_id": "471112672291",
            "state": null,
            "tags": {
              "Name": "t_abeginner",
              "created_by": "adevopsbeginner",
              "deployment": "terraform",
              "website": "https://www.youtube.com/@adevopsbeginner"
            },
            "timeouts": null
          },
          "sensitive_attributes": []
        }
      ]
    },
    {
      "mode": "data",
      "type": "template_file",
      "name": "user_data",
      "provider": "provider[\"registry.terraform.io/hashicorp/template\"]",
      "instances": [
        {
          "schema_version": 0,
          "attributes": {
            "filename": null,
            "id": "b9d662b760817145d31b089a245c2ddbbd5683640de881aeecb411545f29d805",
            "rendered": "#!/bin/bash\n#yum update -y\nhostname\n",
            "template": "#!/bin/bash\n#yum update -y\nhostname\n",
            "vars": {
              "region": "ap-southeast-2",
              "this_name": "t_abeginner"
            }
          },
          "sensitive_attributes": []
        }
      ]
    },
    {
      "mode": "managed",
      "type": "aws_instance",
      "name": "ec2",
      "provider": "provider[\"registry.terraform.io/hashicorp/aws\"]",
      "instances": [
        {
          "schema_version": 1,
          "attributes": {
            "ami": "ami-0822a7a2356687b0f",
            "arn": "arn:aws:ec2:ap-southeast-2:471112672291:instance/i-02f78b16c1d404b10",
            "associate_public_ip_address": true,
            "availability_zone": "ap-southeast-2b",
            "capacity_reservation_specification": [
              {
                "capacity_reservation_preference": "open",
                "capacity_reservation_target": []
              }
            ],
            "cpu_core_count": 1,
            "cpu_options": [
              {
                "amd_sev_snp": "",
                "core_count": 1,
                "threads_per_core": 1
              }
            ],
            "cpu_threads_per_core": 1,
            "credit_specification": [
              {
                "cpu_credits": "standard"
              }
            ],
            "disable_api_stop": false,
            "disable_api_termination": false,
            "ebs_block_device": [],
            "ebs_optimized": false,
            "enable_primary_ipv6": null,
            "enclave_options": [
              {
                "enabled": false
              }
            ],
            "ephemeral_block_device": [],
            "get_password_data": false,
            "hibernation": false,
            "host_id": "",
            "host_resource_group_arn": null,
            "iam_instance_profile": "",
            "id": "i-02f78b16c1d404b10",
            "instance_initiated_shutdown_behavior": "stop",
            "instance_lifecycle": "",
            "instance_market_options": [],
            "instance_state": "running",
            "instance_type": "t2.micro",
            "ipv6_address_count": 0,
            "ipv6_addresses": [],
            "key_name": "a_abeginner_ed25519",
            "launch_template": [],
            "maintenance_options": [
              {
                "auto_recovery": "default"
              }
            ],
            "metadata_options": [
              {
                "http_endpoint": "enabled",
                "http_protocol_ipv6": "disabled",
                "http_put_response_hop_limit": 2,
                "http_tokens": "required",
                "instance_metadata_tags": "disabled"
              }
            ],
            "monitoring": false,
            "network_interface": [],
            "outpost_arn": "",
            "password_data": "",
            "placement_group": "",
            "placement_partition_number": 0,
            "primary_network_interface_id": "eni-065774d66ce963b94",
            "private_dns": "ip-10-100-11-170.ap-southeast-2.compute.internal",
            "private_dns_name_options": [
              {
                "enable_resource_name_dns_a_record": false,
                "enable_resource_name_dns_aaaa_record": false,
                "hostname_type": "ip-name"
              }
            ],
            "private_ip": "10.100.11.170",
            "public_dns": "ec2-3-107-27-195.ap-southeast-2.compute.amazonaws.com",
            "public_ip": "3.107.27.195",
            "root_block_device": [
              {
                "delete_on_termination": true,
                "device_name": "/dev/xvda",
                "encrypted": false,
                "iops": 3000,
                "kms_key_id": "",
                "tags": {
                  "Name": "t_abeginner"
                },
                "tags_all": {
                  "Name": "t_abeginner"
                },
                "throughput": 125,
                "volume_id": "vol-05c4202cb989b8b2b",
                "volume_size": 8,
                "volume_type": "gp3"
              }
            ],
            "secondary_private_ips": [],
            "security_groups": [],
            "source_dest_check": true,
            "spot_instance_request_id": "",
            "subnet_id": "subnet-0c9863298bd63c191",
            "tags": {
              "Name": "t_abeginner",
              "created_by": "adevopsbeginner",
              "deployment": "terraform",
              "website": "https://www.youtube.com/@adevopsbeginner"
            },
            "tags_all": {
              "Name": "t_abeginner",
              "created_by": "adevopsbeginner",
              "deployment": "terraform",
              "website": "https://www.youtube.com/@adevopsbeginner"
            },
            "tenancy": "default",
            "timeouts": null,
            "user_data": "f0820cf1ac219bab616a8dbcd8f47dba47328f55",
            "user_data_base64": null,
            "user_data_replace_on_change": false,
            "volume_tags": null,
            "vpc_security_group_ids": [
              "sg-0a498f6b9b1316c1a"
            ]
          },
          "sensitive_attributes": [],
          "private": "eyJlMmJmYjczMC1lY2FhLTExZTYtOGY4OC0zNDM2M2JjN2M0YzAiOnsiY3JlYXRlIjo2MDAwMDAwMDAwMDAsImRlbGV0ZSI6MTIwMDAwMDAwMDAwMCwicmVhZCI6OTAwMDAwMDAwMDAwLCJ1cGRhdGUiOjYwMDAwMDAwMDAwMH0sInNjaGVtYV92ZXJzaW9uIjoiMSJ9",
          "dependencies": [
            "data.aws_ami.ami",
            "data.aws_security_group.sg",
            "data.aws_subnets.subnets",
            "data.aws_vpc.vpc",
            "data.template_file.user_data"
          ]
        }
      ]
    }
  ],
  "check_results": null
}
